
Microsoft Visual Studio Solution File, Format Version 12.00
# Visual Studio 15
VisualStudioVersion = 15.0.27703.2047
MinimumVisualStudioVersion = 10.0.40219.1
Project("{FAE04EC0-301F-11D3-BF4B-00C04F79EFBC}") = "WebApplication1", "WebApplication1\WebApplication1.csproj", "{BE7D2FE3-BD44-478B-B562-3DFE3FF97D80}"
EndProject
Global
	GlobalSection(SolutionConfigurationPlatforms) = preSolution
		Debug|Any CPU = Debug|Any CPU
		Release|Any CPU = Release|Any CPU
	EndGlobalSection
	GlobalSection(ProjectConfigurationPlatforms) = postSolution
		{BE7D2FE3-BD44-478B-B562-3DFE3FF97D80}.Debug|Any CPU.ActiveCfg = Debug|Any CPU
		{BE7D2FE3-BD44-478B-B562-3DFE3FF97D80}.Debug|Any CPU.Build.0 = Debug|Any CPU
		{BE7D2FE3-BD44-478B-B562-3DFE3FF97D80}.Release|Any CPU.ActiveCfg = Release|Any CPU
		{BE7D2FE3-BD44-478B-B562-3DFE3FF97D80}.Release|Any CPU.Build.0 = Release|Any CPU
	EndGlobalSection
	GlobalSection(SolutionProperties) = preSolution
		HideSolutionNode = FALSE
	EndGlobalSection
	GlobalSection(ExtensibilityGlobals) = postSolution
		SolutionGuid = {04099656-F600-44AE-B897-59AAAB7F39E8}
	EndGlobalSection
EndGlobal
